
Microsoft Visual Studio Solution File, Format Version 12.00
# Visual Studio 2013
VisualStudioVersion = 12.0.21005.1
MinimumVisualStudioVersion = 10.0.40219.1
Project("{8BC9CEB8-8B4A-11D0-8D11-00A0C91BC942}") = "Pok", "Pok\Pok.vcxproj", "{0A924670-DFEF-4546-BD28-A83E412C1328}"
EndProject
Project("{8BC9CEB8-8B4A-11D0-8D11-00A0C91BC942}") = "Calc", "Calc\Calc.vcxproj", "{2472E9CC-7F72-481C-8951-0C5AC64655A8}"
EndProject
Project("{8BC9CEB8-8B4A-11D0-8D11-00A0C91BC942}") = "CalcTest", "CalcTest\CalcTest.vcxproj", "{ED81ED1B-C107-4DA9-90ED-974D8FC79FC8}"
EndProject
Project("{2150E333-8FDC-42A3-9474-1A3956D46DE8}") = "Solution Items", "Solution Items", "{A27D1996-44F8-4AFB-A999-B90E2BFCBE19}"
	ProjectSection(SolutionItems) = preProject
		.gitignore = .gitignore
	EndProjectSection
EndProject
Global
	GlobalSection(SolutionConfigurationPlatforms) = preSolution
		Debug|Win32 = Debug|Win32
		Release|Win32 = Release|Win32
	EndGlobalSection
	GlobalSection(ProjectConfigurationPlatforms) = postSolution
		{0A924670-DFEF-4546-BD28-A83E412C1328}.Debug|Win32.ActiveCfg = Debug|Win32
		{0A924670-DFEF-4546-BD28-A83E412C1328}.Debug|Win32.Build.0 = Debug|Win32
		{0A924670-DFEF-4546-BD28-A83E412C1328}.Release|Win32.ActiveCfg = Release|Win32
		{0A924670-DFEF-4546-BD28-A83E412C1328}.Release|Win32.Build.0 = Release|Win32
		{2472E9CC-7F72-481C-8951-0C5AC64655A8}.Debug|Win32.ActiveCfg = Debug|Win32
		{2472E9CC-7F72-481C-8951-0C5AC64655A8}.Debug|Win32.Build.0 = Debug|Win32
		{2472E9CC-7F72-481C-8951-0C5AC64655A8}.Release|Win32.ActiveCfg = Release|Win32
		{2472E9CC-7F72-481C-8951-0C5AC64655A8}.Release|Win32.Build.0 = Release|Win32
		{ED81ED1B-C107-4DA9-90ED-974D8FC79FC8}.Debug|Win32.ActiveCfg = Debug|Win32
		{ED81ED1B-C107-4DA9-90ED-974D8FC79FC8}.Debug|Win32.Build.0 = Debug|Win32
		{ED81ED1B-C107-4DA9-90ED-974D8FC79FC8}.Release|Win32.ActiveCfg = Release|Win32
		{ED81ED1B-C107-4DA9-90ED-974D8FC79FC8}.Release|Win32.Build.0 = Release|Win32
	EndGlobalSection
	GlobalSection(SolutionProperties) = preSolution
		HideSolutionNode = FALSE
	EndGlobalSection
EndGlobal
